PODS:
  - ikemen (0.1.0)
  - Nimble (2.0.0)
  - Quick (0.3.1)

DEPENDENCIES:
  - ikemen (from `../`)
  - Nimble
  - Quick (~> 0.3.1)

EXTERNAL SOURCES:
  ikemen:
    :path: "../"

SPEC CHECKSUMS:
  ikemen: 362e65dc35d48562ccc394ca5429cc409429120d
  Nimble: 472e75466819eb8c06299233e87c694a9b51328a
  Quick: 824572d3d198d51e52cf4aa722cebf7e59952a35

COCOAPODS: 0.38.2
