PODS:
  - Nimble (5.0.0)
  - Quick (0.10.0)
  - "※ikemen (0.2.0)"

DEPENDENCIES:
  - Nimble
  - Quick
  - "※ikemen (from `../`)"

EXTERNAL SOURCES:
  "※ikemen":
    :path: "../"

SPEC CHECKSUMS:
  Nimble: 56fc9f5020effa2206de22c3dd910f4fb011b92f
  Quick: 5d290df1c69d5ee2f0729956dcf0fd9a30447eaa
  "※ikemen": c04aecee4293a2b6deb2119f7e67e7a82c6dea06

PODFILE CHECKSUM: adc600658bc8d25a4731a6181fca600945a5a19f

COCOAPODS: 1.1.0.rc.2
