PODS:
  - Nimble (3.1.0)
  - Quick (0.9.0)
  - "※ikemen (0.1.2)"

DEPENDENCIES:
  - Nimble
  - Quick
  - "※ikemen (from `../`)"

EXTERNAL SOURCES:
  "※ikemen":
    :path: "../"

SPEC CHECKSUMS:
  Nimble: 79d40f4d69d47314229bbabacaa02b8838c779b9
  Quick: 332eb1da73125a2106dd637424c803f2ae97e4a9
  "※ikemen": 383f5d91494ed348a0f3943346610e1efa090fee

COCOAPODS: 0.39.0
